
Microsoft Visual Studio Solution File, Format Version 12.00
# Visual Studio Version 17
VisualStudioVersion = 17.7.34024.191
MinimumVisualStudioVersion = 10.0.40219.1
Project("{FAE04EC0-301F-11D3-BF4B-00C04F79EFBC}") = "Bacth_SOKO_Return_To_AX", "Bacth_SOKO_Return_To_AX\Bacth_SOKO_Return_To_AX.csproj", "{68175FDA-A607-43DE-A426-0236D5200D5E}"
EndProject
Global
	GlobalSection(SolutionConfigurationPlatforms) = preSolution
		Debug|Any CPU = Debug|Any CPU
		Release|Any CPU = Release|Any CPU
	EndGlobalSection
	GlobalSection(ProjectConfigurationPlatforms) = postSolution
		{68175FDA-A607-43DE-A426-0236D5200D5E}.Debug|Any CPU.ActiveCfg = Debug|Any CPU
		{68175FDA-A607-43DE-A426-0236D5200D5E}.Debug|Any CPU.Build.0 = Debug|Any CPU
		{68175FDA-A607-43DE-A426-0236D5200D5E}.Release|Any CPU.ActiveCfg = Release|Any CPU
		{68175FDA-A607-43DE-A426-0236D5200D5E}.Release|Any CPU.Build.0 = Release|Any CPU
	EndGlobalSection
	GlobalSection(SolutionProperties) = preSolution
		HideSolutionNode = FALSE
	EndGlobalSection
	GlobalSection(ExtensibilityGlobals) = postSolution
		SolutionGuid = {4BEF354D-3ACD-4E50-995F-187635172C6D}
	EndGlobalSection
EndGlobal
